
Microsoft Visual Studio Solution File, Format Version 12.00
# Visual Studio Version 16
VisualStudioVersion = 16.0.33328.57
MinimumVisualStudioVersion = 10.0.40219.1
Project("{FAE04EC0-301F-11D3-BF4B-00C04F79EFBC}") = "Lr3(1)", "Lr3(1)\Lr3(1).csproj", "{D90D41D9-740D-4D9D-9CFF-BDEB885EBF0D}"
EndProject
Global
	GlobalSection(SolutionConfigurationPlatforms) = preSolution
		Debug|Any CPU = Debug|Any CPU
		Release|Any CPU = Release|Any CPU
	EndGlobalSection
	GlobalSection(ProjectConfigurationPlatforms) = postSolution
		{D90D41D9-740D-4D9D-9CFF-BDEB885EBF0D}.Debug|Any CPU.ActiveCfg = Debug|Any CPU
		{D90D41D9-740D-4D9D-9CFF-BDEB885EBF0D}.Debug|Any CPU.Build.0 = Debug|Any CPU
		{D90D41D9-740D-4D9D-9CFF-BDEB885EBF0D}.Release|Any CPU.ActiveCfg = Release|Any CPU
		{D90D41D9-740D-4D9D-9CFF-BDEB885EBF0D}.Release|Any CPU.Build.0 = Release|Any CPU
	EndGlobalSection
	GlobalSection(SolutionProperties) = preSolution
		HideSolutionNode = FALSE
	EndGlobalSection
	GlobalSection(ExtensibilityGlobals) = postSolution
		SolutionGuid = {D0291506-9582-4757-9263-1203CF555FF8}
	EndGlobalSection
EndGlobal
